
Microsoft Visual Studio Solution File, Format Version 12.00
# Visual Studio 15
VisualStudioVersion = 15.0.28307.960
MinimumVisualStudioVersion = 10.0.40219.1
Project("{FAE04EC0-301F-11D3-BF4B-00C04F79EFBC}") = "Otell", "Otell\Otell.csproj", "{6239DB8A-81E0-41A0-86B1-30C04EF358EC}"
EndProject
Global
	GlobalSection(SolutionConfigurationPlatforms) = preSolution
		Debug|Any CPU = Debug|Any CPU
		Release|Any CPU = Release|Any CPU
	EndGlobalSection
	GlobalSection(ProjectConfigurationPlatforms) = postSolution
		{6239DB8A-81E0-41A0-86B1-30C04EF358EC}.Debug|Any CPU.ActiveCfg = Debug|Any CPU
		{6239DB8A-81E0-41A0-86B1-30C04EF358EC}.Debug|Any CPU.Build.0 = Debug|Any CPU
		{6239DB8A-81E0-41A0-86B1-30C04EF358EC}.Release|Any CPU.ActiveCfg = Release|Any CPU
		{6239DB8A-81E0-41A0-86B1-30C04EF358EC}.Release|Any CPU.Build.0 = Release|Any CPU
	EndGlobalSection
	GlobalSection(SolutionProperties) = preSolution
		HideSolutionNode = FALSE
	EndGlobalSection
	GlobalSection(ExtensibilityGlobals) = postSolution
		SolutionGuid = {AF2CB685-B09D-4AC7-9E1B-6A9A28F175B2}
	EndGlobalSection
EndGlobal
